
Microsoft Visual Studio Solution File, Format Version 12.00
# Visual Studio 2013
VisualStudioVersion = 12.0.40629.0
MinimumVisualStudioVersion = 10.0.40219.1
Project("{FAE04EC0-301F-11D3-BF4B-00C04F79EFBC}") = "Lab 1.1", "Lab 1.1\Lab 1.1.csproj", "{087A7619-6519-478F-9769-7E12BA2CFA6C}"
EndProject
Global
	GlobalSection(SolutionConfigurationPlatforms) = preSolution
		Debug|Any CPU = Debug|Any CPU
		Release|Any CPU = Release|Any CPU
	EndGlobalSection
	GlobalSection(ProjectConfigurationPlatforms) = postSolution
		{087A7619-6519-478F-9769-7E12BA2CFA6C}.Debug|Any CPU.ActiveCfg = Debug|Any CPU
		{087A7619-6519-478F-9769-7E12BA2CFA6C}.Debug|Any CPU.Build.0 = Debug|Any CPU
		{087A7619-6519-478F-9769-7E12BA2CFA6C}.Release|Any CPU.ActiveCfg = Release|Any CPU
		{087A7619-6519-478F-9769-7E12BA2CFA6C}.Release|Any CPU.Build.0 = Release|Any CPU
	EndGlobalSection
	GlobalSection(SolutionProperties) = preSolution
		HideSolutionNode = FALSE
	EndGlobalSection
EndGlobal
